
Microsoft Visual Studio Solution File, Format Version 12.00
# Visual Studio Version 16
VisualStudioVersion = 16.0.31702.278
MinimumVisualStudioVersion = 10.0.40219.1
Project("{FAE04EC0-301F-11D3-BF4B-00C04F79EFBC}") = "PlayingDark", "PlayingDark\PlayingDark.csproj", "{4DDDB68B-4316-4CC7-91DB-8044F3C4C6FF}"
EndProject
Global
	GlobalSection(SolutionConfigurationPlatforms) = preSolution
		Debug|Any CPU = Debug|Any CPU
		Release|Any CPU = Release|Any CPU
	EndGlobalSection
	GlobalSection(ProjectConfigurationPlatforms) = postSolution
		{4DDDB68B-4316-4CC7-91DB-8044F3C4C6FF}.Debug|Any CPU.ActiveCfg = Debug|Any CPU
		{4DDDB68B-4316-4CC7-91DB-8044F3C4C6FF}.Debug|Any CPU.Build.0 = Debug|Any CPU
		{4DDDB68B-4316-4CC7-91DB-8044F3C4C6FF}.Release|Any CPU.ActiveCfg = Release|Any CPU
		{4DDDB68B-4316-4CC7-91DB-8044F3C4C6FF}.Release|Any CPU.Build.0 = Release|Any CPU
	EndGlobalSection
	GlobalSection(SolutionProperties) = preSolution
		HideSolutionNode = FALSE
	EndGlobalSection
	GlobalSection(ExtensibilityGlobals) = postSolution
		SolutionGuid = {F9FAF364-C9DA-4437-AD2F-243354B4AF49}
	EndGlobalSection
EndGlobal
